
Microsoft Visual Studio Solution File, Format Version 12.00
# Visual Studio Version 17
VisualStudioVersion = 17.4.33213.308
MinimumVisualStudioVersion = 10.0.40219.1
Project("{9A19103F-16F7-4668-BE54-9A1E7A4F7556}") = "ProjetoAulas", "ProjetoAulas\ProjetoAulas.csproj", "{18C3384C-87EB-4DF5-9204-A1942016DD28}"
EndProject
Project("{9A19103F-16F7-4668-BE54-9A1E7A4F7556}") = "FormacaoAluraProgramandoComOrientacaoObjetos", "AluraCriandoSuaPrimeiraAplicacao\FormacaoAluraProgramandoComOrientacaoObjetos.csproj", "{5D7FDDBD-4EC4-4400-9E86-74E2E1FFD42C}"
EndProject
Project("{FAE04EC0-301F-11D3-BF4B-00C04F79EFBC}") = "ArraysColecoes", "ArraysColecoes\ArraysColecoes.csproj", "{3BABB00D-82FC-4464-A071-3A414B4449F2}"
EndProject
Project("{FAE04EC0-301F-11D3-BF4B-00C04F79EFBC}") = "TrabalhandoComArquivos", "TrabalhandoComArquivos\TrabalhandoComArquivos.csproj", "{98CEE3F0-4F3B-40D1-B3A3-FD32219D0691}"
EndProject
Global
	GlobalSection(SolutionConfigurationPlatforms) = preSolution
		Debug|Any CPU = Debug|Any CPU
		Release|Any CPU = Release|Any CPU
	EndGlobalSection
	GlobalSection(ProjectConfigurationPlatforms) = postSolution
		{18C3384C-87EB-4DF5-9204-A1942016DD28}.Debug|Any CPU.ActiveCfg = Debug|Any CPU
		{18C3384C-87EB-4DF5-9204-A1942016DD28}.Debug|Any CPU.Build.0 = Debug|Any CPU
		{18C3384C-87EB-4DF5-9204-A1942016DD28}.Release|Any CPU.ActiveCfg = Release|Any CPU
		{18C3384C-87EB-4DF5-9204-A1942016DD28}.Release|Any CPU.Build.0 = Release|Any CPU
		{5D7FDDBD-4EC4-4400-9E86-74E2E1FFD42C}.Debug|Any CPU.ActiveCfg = Debug|Any CPU
		{5D7FDDBD-4EC4-4400-9E86-74E2E1FFD42C}.Debug|Any CPU.Build.0 = Debug|Any CPU
		{5D7FDDBD-4EC4-4400-9E86-74E2E1FFD42C}.Release|Any CPU.ActiveCfg = Release|Any CPU
		{5D7FDDBD-4EC4-4400-9E86-74E2E1FFD42C}.Release|Any CPU.Build.0 = Release|Any CPU
		{3BABB00D-82FC-4464-A071-3A414B4449F2}.Debug|Any CPU.ActiveCfg = Debug|Any CPU
		{3BABB00D-82FC-4464-A071-3A414B4449F2}.Debug|Any CPU.Build.0 = Debug|Any CPU
		{3BABB00D-82FC-4464-A071-3A414B4449F2}.Release|Any CPU.ActiveCfg = Release|Any CPU
		{3BABB00D-82FC-4464-A071-3A414B4449F2}.Release|Any CPU.Build.0 = Release|Any CPU
		{98CEE3F0-4F3B-40D1-B3A3-FD32219D0691}.Debug|Any CPU.ActiveCfg = Debug|Any CPU
		{98CEE3F0-4F3B-40D1-B3A3-FD32219D0691}.Debug|Any CPU.Build.0 = Debug|Any CPU
		{98CEE3F0-4F3B-40D1-B3A3-FD32219D0691}.Release|Any CPU.ActiveCfg = Release|Any CPU
		{98CEE3F0-4F3B-40D1-B3A3-FD32219D0691}.Release|Any CPU.Build.0 = Release|Any CPU
	EndGlobalSection
	GlobalSection(SolutionProperties) = preSolution
		HideSolutionNode = FALSE
	EndGlobalSection
	GlobalSection(ExtensibilityGlobals) = postSolution
		SolutionGuid = {F5010A0A-9686-4551-8BB4-651145FDC4CA}
	EndGlobalSection
EndGlobal
